{
  "name": "marketing-visit",
  "version": "1.0.0",
  "lockfileVersion": 3,
  "requires": true,
  "packages": {
    "": {
      "name": "marketing-visit",
      "version": "1.0.0",
      "license": "ISC",
      "dependencies": {
        "agent-browser": "github:vercel-labs/agent-browser"
      }
    },
    "node_modules/agent-browser": {
      "version": "0.27.0",
      "resolved": "git+ssh://git@github.com/vercel-labs/agent-browser.git#4ad284890cb59564af603e6de403dd75dd19e832",
      "hasInstallScript": true,
      "license": "Apache-2.0",
      "bin": {
        "agent-browser": "bin/agent-browser.js"
      },
      "engines": {
        "node": ">=24.0.0",
        "pnpm": ">=11.0.0"
      }
    }
  }
}
